
Microsoft Visual Studio Solution File, Format Version 12.00
# Visual Studio Version 17
VisualStudioVersion = 17.0.31903.59
MinimumVisualStudioVersion = 10.0.40219.1
Project("{FAE04EC0-301F-11D3-BF4B-00C04F79EFBC}") = "SwaggerToMCP", "SwaggerToMCP\SwaggerToMCP.csproj", "{EDBC0702-0A9B-4EF6-AD55-3F0D18475C77}"
EndProject
Project("{FAE04EC0-301F-11D3-BF4B-00C04F79EFBC}") = "SwaggerToMCP.Cli", "SwaggerToMCP.Cli\SwaggerToMCP.Cli.csproj", "{656F8FBE-E191-452C-9494-5992B807A42B}"
EndProject
Project("{2150E333-8FDC-42A3-9474-1A3956D46DE8}") = "tests", "tests", "{88A3155F-174C-41F5-A3F0-48572177D9C8}"
EndProject
Project("{FAE04EC0-301F-11D3-BF4B-00C04F79EFBC}") = "SwaggerToMCP.Tests", "tests\SwaggerToMCP.Tests\SwaggerToMCP.Tests.csproj", "{28709E9A-FC5B-4783-95D5-D88C16E17985}"
EndProject
Global
	GlobalSection(SolutionConfigurationPlatforms) = preSolution
		Debug|Any CPU = Debug|Any CPU
		Release|Any CPU = Release|Any CPU
	EndGlobalSection
	GlobalSection(SolutionProperties) = preSolution
		HideSolutionNode = FALSE
	EndGlobalSection
	GlobalSection(ProjectConfigurationPlatforms) = postSolution
		{EDBC0702-0A9B-4EF6-AD55-3F0D18475C77}.Debug|Any CPU.ActiveCfg = Debug|Any CPU
		{EDBC0702-0A9B-4EF6-AD55-3F0D18475C77}.Debug|Any CPU.Build.0 = Debug|Any CPU
		{EDBC0702-0A9B-4EF6-AD55-3F0D18475C77}.Release|Any CPU.ActiveCfg = Release|Any CPU
		{EDBC0702-0A9B-4EF6-AD55-3F0D18475C77}.Release|Any CPU.Build.0 = Release|Any CPU
		{656F8FBE-E191-452C-9494-5992B807A42B}.Debug|Any CPU.ActiveCfg = Debug|Any CPU
		{656F8FBE-E191-452C-9494-5992B807A42B}.Debug|Any CPU.Build.0 = Debug|Any CPU
		{656F8FBE-E191-452C-9494-5992B807A42B}.Release|Any CPU.ActiveCfg = Release|Any CPU
		{656F8FBE-E191-452C-9494-5992B807A42B}.Release|Any CPU.Build.0 = Release|Any CPU
		{28709E9A-FC5B-4783-95D5-D88C16E17985}.Debug|Any CPU.ActiveCfg = Debug|Any CPU
		{28709E9A-FC5B-4783-95D5-D88C16E17985}.Debug|Any CPU.Build.0 = Debug|Any CPU
		{28709E9A-FC5B-4783-95D5-D88C16E17985}.Release|Any CPU.ActiveCfg = Release|Any CPU
		{28709E9A-FC5B-4783-95D5-D88C16E17985}.Release|Any CPU.Build.0 = Release|Any CPU
	EndGlobalSection
	GlobalSection(NestedProjects) = preSolution
		{28709E9A-FC5B-4783-95D5-D88C16E17985} = {88A3155F-174C-41F5-A3F0-48572177D9C8}
	EndGlobalSection
EndGlobal
